# This file is automatically @generated by Cargo.
# It is not intended for manual editing.
version = 3

[[package]]
name = "aig"
version = "0.1.0"
dependencies = [
 "gipsyh-aiger",
 "logic-form",
]

[[package]]
name = "autotools"
version = "0.2.6"
source = "registry+https://github.com/rust-lang/crates.io-index"
checksum = "aef8da1805e028a172334c3b680f93e71126f2327622faef2ec3d893c0a4ad77"
dependencies = [
 "cc",
]

[[package]]
name = "cc"
version = "1.0.79"
source = "registry+https://github.com/rust-lang/crates.io-index"
checksum = "50d30906286121d95be3d479533b458f87493b30a4b5f79a607db8f5d11aa91f"

[[package]]
name = "cudd"
version = "0.1.0"
dependencies = [
 "cudd-sys",
]

[[package]]
name = "cudd-sys"
version = "1.0.0"
source = "registry+https://github.com/rust-lang/crates.io-index"
checksum = "da04b991245abeb377212488dd81428ec1f8e99522c16e859ff42b2999f209ea"
dependencies = [
 "autotools",
 "libc",
]

[[package]]
name = "gipsyh-aiger"
version = "0.3.0"
source = "registry+https://github.com/rust-lang/crates.io-index"
checksum = "1f1a343baac81d1e32038ff5b53d203f05d4237b83e86772aadb495e958c61d6"

[[package]]
name = "libc"
version = "0.2.140"
source = "registry+https://github.com/rust-lang/crates.io-index"
checksum = "99227334921fae1a979cf0bfdfcc6b3e5ce376ef57e16fb6fb3ea2ed6095f80c"

[[package]]
name = "logic-form"
version = "0.1.1"
source = "registry+https://github.com/rust-lang/crates.io-index"
checksum = "7244279452688c517111c2882beacf74f5c3c192ed93823567d636c68d7008de"

[[package]]
name = "partitioned-smc"
version = "0.1.0"
dependencies = [
 "aig",
 "cudd",
]
